
Microsoft Visual Studio Solution File, Format Version 12.00
# Visual Studio Version 17
VisualStudioVersion = 17.2.32616.157
MinimumVisualStudioVersion = 10.0.40219.1
Project("{FAE04EC0-301F-11D3-BF4B-00C04F79EFBC}") = "TestDockerApi", "TestDockerApi\TestDockerApi.csproj", "{A42439D1-2CA9-4866-83E1-94C3627801A4}"
EndProject
Global
	GlobalSection(SolutionConfigurationPlatforms) = preSolution
		Debug|Any CPU = Debug|Any CPU
		Release|Any CPU = Release|Any CPU
	EndGlobalSection
	GlobalSection(ProjectConfigurationPlatforms) = postSolution
		{A42439D1-2CA9-4866-83E1-94C3627801A4}.Debug|Any CPU.ActiveCfg = Debug|Any CPU
		{A42439D1-2CA9-4866-83E1-94C3627801A4}.Debug|Any CPU.Build.0 = Debug|Any CPU
		{A42439D1-2CA9-4866-83E1-94C3627801A4}.Release|Any CPU.ActiveCfg = Release|Any CPU
		{A42439D1-2CA9-4866-83E1-94C3627801A4}.Release|Any CPU.Build.0 = Release|Any CPU
	EndGlobalSection
	GlobalSection(SolutionProperties) = preSolution
		HideSolutionNode = FALSE
	EndGlobalSection
	GlobalSection(ExtensibilityGlobals) = postSolution
		SolutionGuid = {F4239A70-1A15-4F2F-A1EB-670E262E7898}
	EndGlobalSection
EndGlobal
